
Microsoft Visual Studio Solution File, Format Version 12.00
# Visual Studio Version 17
VisualStudioVersion = 17.14.36811.4 d17.14
MinimumVisualStudioVersion = 10.0.40219.1
Project("{FAE04EC0-301F-11D3-BF4B-00C04F79EFBC}") = "AlphabetsAndVowels", "AlphabetsAndVowels.csproj", "{954BC642-E060-4536-BCC3-6C1BA0CCD009}"
EndProject
Global
	GlobalSection(SolutionConfigurationPlatforms) = preSolution
		Debug|Any CPU = Debug|Any CPU
		Release|Any CPU = Release|Any CPU
	EndGlobalSection
	GlobalSection(ProjectConfigurationPlatforms) = postSolution
		{954BC642-E060-4536-BCC3-6C1BA0CCD009}.Debug|Any CPU.ActiveCfg = Debug|Any CPU
		{954BC642-E060-4536-BCC3-6C1BA0CCD009}.Debug|Any CPU.Build.0 = Debug|Any CPU
		{954BC642-E060-4536-BCC3-6C1BA0CCD009}.Release|Any CPU.ActiveCfg = Release|Any CPU
		{954BC642-E060-4536-BCC3-6C1BA0CCD009}.Release|Any CPU.Build.0 = Release|Any CPU
	EndGlobalSection
	GlobalSection(SolutionProperties) = preSolution
		HideSolutionNode = FALSE
	EndGlobalSection
	GlobalSection(ExtensibilityGlobals) = postSolution
		SolutionGuid = {04BBFAA3-B956-45CA-91CB-9A0E0FA87668}
	EndGlobalSection
EndGlobal
