
Microsoft Visual Studio Solution File, Format Version 12.00
# Visual Studio Version 17
VisualStudioVersion = 17.14.36811.4 d17.14
MinimumVisualStudioVersion = 10.0.40219.1
Project("{FAE04EC0-301F-11D3-BF4B-00C04F79EFBC}") = "FactorSum", "FactorSum.csproj", "{935B499D-D87C-4BBE-B8D0-B640360E2279}"
EndProject
Global
	GlobalSection(SolutionConfigurationPlatforms) = preSolution
		Debug|Any CPU = Debug|Any CPU
		Release|Any CPU = Release|Any CPU
	EndGlobalSection
	GlobalSection(ProjectConfigurationPlatforms) = postSolution
		{935B499D-D87C-4BBE-B8D0-B640360E2279}.Debug|Any CPU.ActiveCfg = Debug|Any CPU
		{935B499D-D87C-4BBE-B8D0-B640360E2279}.Debug|Any CPU.Build.0 = Debug|Any CPU
		{935B499D-D87C-4BBE-B8D0-B640360E2279}.Release|Any CPU.ActiveCfg = Release|Any CPU
		{935B499D-D87C-4BBE-B8D0-B640360E2279}.Release|Any CPU.Build.0 = Release|Any CPU
	EndGlobalSection
	GlobalSection(SolutionProperties) = preSolution
		HideSolutionNode = FALSE
	EndGlobalSection
	GlobalSection(ExtensibilityGlobals) = postSolution
		SolutionGuid = {A4F2AA45-7EBF-4941-A226-267B800EA183}
	EndGlobalSection
EndGlobal
