
Microsoft Visual Studio Solution File, Format Version 12.00
# Visual Studio Version 17
VisualStudioVersion = 17.14.36811.4 d17.14
MinimumVisualStudioVersion = 10.0.40219.1
Project("{FAE04EC0-301F-11D3-BF4B-00C04F79EFBC}") = "Vehicle To Purchase", "Vehicle To Purchase.csproj", "{42ADB80D-8AF2-4867-8D0B-47105C6EA4E1}"
EndProject
Global
	GlobalSection(SolutionConfigurationPlatforms) = preSolution
		Debug|Any CPU = Debug|Any CPU
		Release|Any CPU = Release|Any CPU
	EndGlobalSection
	GlobalSection(ProjectConfigurationPlatforms) = postSolution
		{42ADB80D-8AF2-4867-8D0B-47105C6EA4E1}.Debug|Any CPU.ActiveCfg = Debug|Any CPU
		{42ADB80D-8AF2-4867-8D0B-47105C6EA4E1}.Debug|Any CPU.Build.0 = Debug|Any CPU
		{42ADB80D-8AF2-4867-8D0B-47105C6EA4E1}.Release|Any CPU.ActiveCfg = Release|Any CPU
		{42ADB80D-8AF2-4867-8D0B-47105C6EA4E1}.Release|Any CPU.Build.0 = Release|Any CPU
	EndGlobalSection
	GlobalSection(SolutionProperties) = preSolution
		HideSolutionNode = FALSE
	EndGlobalSection
	GlobalSection(ExtensibilityGlobals) = postSolution
		SolutionGuid = {7C79908E-F745-417A-91D9-ED2D852FB9CF}
	EndGlobalSection
EndGlobal
