
Microsoft Visual Studio Solution File, Format Version 12.00
# Visual Studio Version 17
VisualStudioVersion = 17.14.36811.4 d17.14
MinimumVisualStudioVersion = 10.0.40219.1
Project("{FAE04EC0-301F-11D3-BF4B-00C04F79EFBC}") = "PlanetsProj(file_handling)", "PlanetsProj(file_handling).csproj", "{BF1BDD45-A4BB-47B0-BB7F-97209987B474}"
EndProject
Global
	GlobalSection(SolutionConfigurationPlatforms) = preSolution
		Debug|Any CPU = Debug|Any CPU
		Release|Any CPU = Release|Any CPU
	EndGlobalSection
	GlobalSection(ProjectConfigurationPlatforms) = postSolution
		{BF1BDD45-A4BB-47B0-BB7F-97209987B474}.Debug|Any CPU.ActiveCfg = Debug|Any CPU
		{BF1BDD45-A4BB-47B0-BB7F-97209987B474}.Debug|Any CPU.Build.0 = Debug|Any CPU
		{BF1BDD45-A4BB-47B0-BB7F-97209987B474}.Release|Any CPU.ActiveCfg = Release|Any CPU
		{BF1BDD45-A4BB-47B0-BB7F-97209987B474}.Release|Any CPU.Build.0 = Release|Any CPU
	EndGlobalSection
	GlobalSection(SolutionProperties) = preSolution
		HideSolutionNode = FALSE
	EndGlobalSection
	GlobalSection(ExtensibilityGlobals) = postSolution
		SolutionGuid = {9F24E073-1B3F-49AB-9091-E77EA123F852}
	EndGlobalSection
EndGlobal
