
Microsoft Visual Studio Solution File, Format Version 12.00
# Visual Studio Version 17
VisualStudioVersion = 17.14.36811.4 d17.14
MinimumVisualStudioVersion = 10.0.40219.1
Project("{FAE04EC0-301F-11D3-BF4B-00C04F79EFBC}") = "Hospital Management Application", "Hospital Management Application.csproj", "{C9421FFD-589A-47A4-BD0D-3B01526A2C4B}"
EndProject
Global
	GlobalSection(SolutionConfigurationPlatforms) = preSolution
		Debug|Any CPU = Debug|Any CPU
		Release|Any CPU = Release|Any CPU
	EndGlobalSection
	GlobalSection(ProjectConfigurationPlatforms) = postSolution
		{C9421FFD-589A-47A4-BD0D-3B01526A2C4B}.Debug|Any CPU.ActiveCfg = Debug|Any CPU
		{C9421FFD-589A-47A4-BD0D-3B01526A2C4B}.Debug|Any CPU.Build.0 = Debug|Any CPU
		{C9421FFD-589A-47A4-BD0D-3B01526A2C4B}.Release|Any CPU.ActiveCfg = Release|Any CPU
		{C9421FFD-589A-47A4-BD0D-3B01526A2C4B}.Release|Any CPU.Build.0 = Release|Any CPU
	EndGlobalSection
	GlobalSection(SolutionProperties) = preSolution
		HideSolutionNode = FALSE
	EndGlobalSection
	GlobalSection(ExtensibilityGlobals) = postSolution
		SolutionGuid = {A912E26F-EB29-4CEA-81F9-306AB7382F67}
	EndGlobalSection
EndGlobal
