
Microsoft Visual Studio Solution File, Format Version 12.00
# Visual Studio Version 17
VisualStudioVersion = 17.14.36811.4 d17.14
MinimumVisualStudioVersion = 10.0.40219.1
Project("{FAE04EC0-301F-11D3-BF4B-00C04F79EFBC}") = "LongestWordInAString", "LongestWordInAString.csproj", "{6335FD6C-8140-4637-8B2F-C1234DBDA04F}"
EndProject
Global
	GlobalSection(SolutionConfigurationPlatforms) = preSolution
		Debug|Any CPU = Debug|Any CPU
		Release|Any CPU = Release|Any CPU
	EndGlobalSection
	GlobalSection(ProjectConfigurationPlatforms) = postSolution
		{6335FD6C-8140-4637-8B2F-C1234DBDA04F}.Debug|Any CPU.ActiveCfg = Debug|Any CPU
		{6335FD6C-8140-4637-8B2F-C1234DBDA04F}.Debug|Any CPU.Build.0 = Debug|Any CPU
		{6335FD6C-8140-4637-8B2F-C1234DBDA04F}.Release|Any CPU.ActiveCfg = Release|Any CPU
		{6335FD6C-8140-4637-8B2F-C1234DBDA04F}.Release|Any CPU.Build.0 = Release|Any CPU
	EndGlobalSection
	GlobalSection(SolutionProperties) = preSolution
		HideSolutionNode = FALSE
	EndGlobalSection
	GlobalSection(ExtensibilityGlobals) = postSolution
		SolutionGuid = {533BC365-E005-40AB-B0EE-0AD257FC5F6E}
	EndGlobalSection
EndGlobal
