
Microsoft Visual Studio Solution File, Format Version 12.00
# Visual Studio Version 17
VisualStudioVersion = 17.14.36811.4 d17.14
MinimumVisualStudioVersion = 10.0.40219.1
Project("{FAE04EC0-301F-11D3-BF4B-00C04F79EFBC}") = "Armstrong", "Armstrong.csproj", "{82A734DD-C601-4214-88A7-4638FEF6A88D}"
EndProject
Global
	GlobalSection(SolutionConfigurationPlatforms) = preSolution
		Debug|Any CPU = Debug|Any CPU
		Release|Any CPU = Release|Any CPU
	EndGlobalSection
	GlobalSection(ProjectConfigurationPlatforms) = postSolution
		{82A734DD-C601-4214-88A7-4638FEF6A88D}.Debug|Any CPU.ActiveCfg = Debug|Any CPU
		{82A734DD-C601-4214-88A7-4638FEF6A88D}.Debug|Any CPU.Build.0 = Debug|Any CPU
		{82A734DD-C601-4214-88A7-4638FEF6A88D}.Release|Any CPU.ActiveCfg = Release|Any CPU
		{82A734DD-C601-4214-88A7-4638FEF6A88D}.Release|Any CPU.Build.0 = Release|Any CPU
	EndGlobalSection
	GlobalSection(SolutionProperties) = preSolution
		HideSolutionNode = FALSE
	EndGlobalSection
	GlobalSection(ExtensibilityGlobals) = postSolution
		SolutionGuid = {D996BD90-7AF8-4614-8FFD-FA639F9D6C37}
	EndGlobalSection
EndGlobal
