
Microsoft Visual Studio Solution File, Format Version 12.00
# Visual Studio Version 17
VisualStudioVersion = 17.14.36811.4 d17.14
MinimumVisualStudioVersion = 10.0.40219.1
Project("{FAE04EC0-301F-11D3-BF4B-00C04F79EFBC}") = "SavingsCalculation", "SavingsCalculation.csproj", "{45A5BAA6-991E-4A98-BC24-F0368B5429FC}"
EndProject
Global
	GlobalSection(SolutionConfigurationPlatforms) = preSolution
		Debug|Any CPU = Debug|Any CPU
		Release|Any CPU = Release|Any CPU
	EndGlobalSection
	GlobalSection(ProjectConfigurationPlatforms) = postSolution
		{45A5BAA6-991E-4A98-BC24-F0368B5429FC}.Debug|Any CPU.ActiveCfg = Debug|Any CPU
		{45A5BAA6-991E-4A98-BC24-F0368B5429FC}.Debug|Any CPU.Build.0 = Debug|Any CPU
		{45A5BAA6-991E-4A98-BC24-F0368B5429FC}.Release|Any CPU.ActiveCfg = Release|Any CPU
		{45A5BAA6-991E-4A98-BC24-F0368B5429FC}.Release|Any CPU.Build.0 = Release|Any CPU
	EndGlobalSection
	GlobalSection(SolutionProperties) = preSolution
		HideSolutionNode = FALSE
	EndGlobalSection
	GlobalSection(ExtensibilityGlobals) = postSolution
		SolutionGuid = {5099269A-D503-4703-804E-8728541F9754}
	EndGlobalSection
EndGlobal
