
Microsoft Visual Studio Solution File, Format Version 12.00
# Visual Studio Version 17
VisualStudioVersion = 17.14.36811.4 d17.14
MinimumVisualStudioVersion = 10.0.40219.1
Project("{FAE04EC0-301F-11D3-BF4B-00C04F79EFBC}") = "PipeSeperatedReverse", "PipeSeperatedReverse.csproj", "{2BAE8E38-4191-49ED-8664-5D9AA6F576DD}"
EndProject
Global
	GlobalSection(SolutionConfigurationPlatforms) = preSolution
		Debug|Any CPU = Debug|Any CPU
		Release|Any CPU = Release|Any CPU
	EndGlobalSection
	GlobalSection(ProjectConfigurationPlatforms) = postSolution
		{2BAE8E38-4191-49ED-8664-5D9AA6F576DD}.Debug|Any CPU.ActiveCfg = Debug|Any CPU
		{2BAE8E38-4191-49ED-8664-5D9AA6F576DD}.Debug|Any CPU.Build.0 = Debug|Any CPU
		{2BAE8E38-4191-49ED-8664-5D9AA6F576DD}.Release|Any CPU.ActiveCfg = Release|Any CPU
		{2BAE8E38-4191-49ED-8664-5D9AA6F576DD}.Release|Any CPU.Build.0 = Release|Any CPU
	EndGlobalSection
	GlobalSection(SolutionProperties) = preSolution
		HideSolutionNode = FALSE
	EndGlobalSection
	GlobalSection(ExtensibilityGlobals) = postSolution
		SolutionGuid = {F52A7CA0-407E-4A3B-A73E-6114827B8426}
	EndGlobalSection
EndGlobal
