
Microsoft Visual Studio Solution File, Format Version 12.00
# Visual Studio Version 17
VisualStudioVersion = 17.14.36811.4 d17.14
MinimumVisualStudioVersion = 10.0.40219.1
Project("{FAE04EC0-301F-11D3-BF4B-00C04F79EFBC}") = "Question", "Question.csproj", "{B28D9D44-D3C4-4FB9-A96B-5F01A100B416}"
EndProject
Global
	GlobalSection(SolutionConfigurationPlatforms) = preSolution
		Debug|Any CPU = Debug|Any CPU
		Release|Any CPU = Release|Any CPU
	EndGlobalSection
	GlobalSection(ProjectConfigurationPlatforms) = postSolution
		{B28D9D44-D3C4-4FB9-A96B-5F01A100B416}.Debug|Any CPU.ActiveCfg = Debug|Any CPU
		{B28D9D44-D3C4-4FB9-A96B-5F01A100B416}.Debug|Any CPU.Build.0 = Debug|Any CPU
		{B28D9D44-D3C4-4FB9-A96B-5F01A100B416}.Release|Any CPU.ActiveCfg = Release|Any CPU
		{B28D9D44-D3C4-4FB9-A96B-5F01A100B416}.Release|Any CPU.Build.0 = Release|Any CPU
	EndGlobalSection
	GlobalSection(SolutionProperties) = preSolution
		HideSolutionNode = FALSE
	EndGlobalSection
	GlobalSection(ExtensibilityGlobals) = postSolution
		SolutionGuid = {5D9E4F50-CEDB-42CC-8824-3D48672C5E90}
	EndGlobalSection
EndGlobal
