
Microsoft Visual Studio Solution File, Format Version 12.00
# Visual Studio Version 17
VisualStudioVersion = 17.14.36811.4 d17.14
MinimumVisualStudioVersion = 10.0.40219.1
Project("{FAE04EC0-301F-11D3-BF4B-00C04F79EFBC}") = "AddElements", "AddElements.csproj", "{FCECD7D6-22AF-4352-9BAA-ECBA9F48023B}"
EndProject
Global
	GlobalSection(SolutionConfigurationPlatforms) = preSolution
		Debug|Any CPU = Debug|Any CPU
		Release|Any CPU = Release|Any CPU
	EndGlobalSection
	GlobalSection(ProjectConfigurationPlatforms) = postSolution
		{FCECD7D6-22AF-4352-9BAA-ECBA9F48023B}.Debug|Any CPU.ActiveCfg = Debug|Any CPU
		{FCECD7D6-22AF-4352-9BAA-ECBA9F48023B}.Debug|Any CPU.Build.0 = Debug|Any CPU
		{FCECD7D6-22AF-4352-9BAA-ECBA9F48023B}.Release|Any CPU.ActiveCfg = Release|Any CPU
		{FCECD7D6-22AF-4352-9BAA-ECBA9F48023B}.Release|Any CPU.Build.0 = Release|Any CPU
	EndGlobalSection
	GlobalSection(SolutionProperties) = preSolution
		HideSolutionNode = FALSE
	EndGlobalSection
	GlobalSection(ExtensibilityGlobals) = postSolution
		SolutionGuid = {F48B66B1-B8DD-4A25-9550-832C45DE2787}
	EndGlobalSection
EndGlobal
