
Microsoft Visual Studio Solution File, Format Version 12.00
# Visual Studio Version 17
VisualStudioVersion = 17.14.36811.4 d17.14
MinimumVisualStudioVersion = 10.0.40219.1
Project("{FAE04EC0-301F-11D3-BF4B-00C04F79EFBC}") = "Is-IsNot", "Is-IsNot.csproj", "{FFE1489C-0F25-49C3-B280-D81CA6E5F4CC}"
EndProject
Global
	GlobalSection(SolutionConfigurationPlatforms) = preSolution
		Debug|Any CPU = Debug|Any CPU
		Release|Any CPU = Release|Any CPU
	EndGlobalSection
	GlobalSection(ProjectConfigurationPlatforms) = postSolution
		{FFE1489C-0F25-49C3-B280-D81CA6E5F4CC}.Debug|Any CPU.ActiveCfg = Debug|Any CPU
		{FFE1489C-0F25-49C3-B280-D81CA6E5F4CC}.Debug|Any CPU.Build.0 = Debug|Any CPU
		{FFE1489C-0F25-49C3-B280-D81CA6E5F4CC}.Release|Any CPU.ActiveCfg = Release|Any CPU
		{FFE1489C-0F25-49C3-B280-D81CA6E5F4CC}.Release|Any CPU.Build.0 = Release|Any CPU
	EndGlobalSection
	GlobalSection(SolutionProperties) = preSolution
		HideSolutionNode = FALSE
	EndGlobalSection
	GlobalSection(ExtensibilityGlobals) = postSolution
		SolutionGuid = {5AF0C0F6-18AB-460B-B7AD-81338CBABF6A}
	EndGlobalSection
EndGlobal
