
Microsoft Visual Studio Solution File, Format Version 12.00
# Visual Studio Version 17
VisualStudioVersion = 17.14.36811.4 d17.14
MinimumVisualStudioVersion = 10.0.40219.1
Project("{FAE04EC0-301F-11D3-BF4B-00C04F79EFBC}") = "ArrSearch", "ArrSearch.csproj", "{3BC584BA-FF9D-4D59-A226-6840CE92F957}"
EndProject
Global
	GlobalSection(SolutionConfigurationPlatforms) = preSolution
		Debug|Any CPU = Debug|Any CPU
		Release|Any CPU = Release|Any CPU
	EndGlobalSection
	GlobalSection(ProjectConfigurationPlatforms) = postSolution
		{3BC584BA-FF9D-4D59-A226-6840CE92F957}.Debug|Any CPU.ActiveCfg = Debug|Any CPU
		{3BC584BA-FF9D-4D59-A226-6840CE92F957}.Debug|Any CPU.Build.0 = Debug|Any CPU
		{3BC584BA-FF9D-4D59-A226-6840CE92F957}.Release|Any CPU.ActiveCfg = Release|Any CPU
		{3BC584BA-FF9D-4D59-A226-6840CE92F957}.Release|Any CPU.Build.0 = Release|Any CPU
	EndGlobalSection
	GlobalSection(SolutionProperties) = preSolution
		HideSolutionNode = FALSE
	EndGlobalSection
	GlobalSection(ExtensibilityGlobals) = postSolution
		SolutionGuid = {E99BF4C5-2603-47CC-AE3C-FA54C4D6D12B}
	EndGlobalSection
EndGlobal
