
Microsoft Visual Studio Solution File, Format Version 12.00
# Visual Studio Version 17
VisualStudioVersion = 17.14.36811.4 d17.14
MinimumVisualStudioVersion = 10.0.40219.1
Project("{FAE04EC0-301F-11D3-BF4B-00C04F79EFBC}") = "PositiveMult", "PositiveMult.csproj", "{A335E54B-FE3B-4D1F-8A36-167872B46022}"
EndProject
Global
	GlobalSection(SolutionConfigurationPlatforms) = preSolution
		Debug|Any CPU = Debug|Any CPU
		Release|Any CPU = Release|Any CPU
	EndGlobalSection
	GlobalSection(ProjectConfigurationPlatforms) = postSolution
		{A335E54B-FE3B-4D1F-8A36-167872B46022}.Debug|Any CPU.ActiveCfg = Debug|Any CPU
		{A335E54B-FE3B-4D1F-8A36-167872B46022}.Debug|Any CPU.Build.0 = Debug|Any CPU
		{A335E54B-FE3B-4D1F-8A36-167872B46022}.Release|Any CPU.ActiveCfg = Release|Any CPU
		{A335E54B-FE3B-4D1F-8A36-167872B46022}.Release|Any CPU.Build.0 = Release|Any CPU
	EndGlobalSection
	GlobalSection(SolutionProperties) = preSolution
		HideSolutionNode = FALSE
	EndGlobalSection
	GlobalSection(ExtensibilityGlobals) = postSolution
		SolutionGuid = {96A35586-1D8D-41D7-AC5B-F7AF2BBD0C4D}
	EndGlobalSection
EndGlobal
