
Microsoft Visual Studio Solution File, Format Version 12.00
# Visual Studio Version 17
VisualStudioVersion = 17.14.36811.4 d17.14
MinimumVisualStudioVersion = 10.0.40219.1
Project("{FAE04EC0-301F-11D3-BF4B-00C04F79EFBC}") = "ToggleCaseOfEachCharacter", "ToggleCaseOfEachCharacter.csproj", "{6F775F60-C4F8-47AF-88B5-A66A539B60A3}"
EndProject
Global
	GlobalSection(SolutionConfigurationPlatforms) = preSolution
		Debug|Any CPU = Debug|Any CPU
		Release|Any CPU = Release|Any CPU
	EndGlobalSection
	GlobalSection(ProjectConfigurationPlatforms) = postSolution
		{6F775F60-C4F8-47AF-88B5-A66A539B60A3}.Debug|Any CPU.ActiveCfg = Debug|Any CPU
		{6F775F60-C4F8-47AF-88B5-A66A539B60A3}.Debug|Any CPU.Build.0 = Debug|Any CPU
		{6F775F60-C4F8-47AF-88B5-A66A539B60A3}.Release|Any CPU.ActiveCfg = Release|Any CPU
		{6F775F60-C4F8-47AF-88B5-A66A539B60A3}.Release|Any CPU.Build.0 = Release|Any CPU
	EndGlobalSection
	GlobalSection(SolutionProperties) = preSolution
		HideSolutionNode = FALSE
	EndGlobalSection
	GlobalSection(ExtensibilityGlobals) = postSolution
		SolutionGuid = {23581D6F-7DD6-4A4D-A1FB-65E715D992B6}
	EndGlobalSection
EndGlobal
