
Microsoft Visual Studio Solution File, Format Version 12.00
# Visual Studio Version 17
VisualStudioVersion = 17.14.36811.4 d17.14
MinimumVisualStudioVersion = 10.0.40219.1
Project("{FAE04EC0-301F-11D3-BF4B-00C04F79EFBC}") = "CheckPalindromeInString", "CheckPalindromeInString.csproj", "{7CA9B2D4-1CEA-42A1-ABBE-BB1716417B42}"
EndProject
Global
	GlobalSection(SolutionConfigurationPlatforms) = preSolution
		Debug|Any CPU = Debug|Any CPU
		Release|Any CPU = Release|Any CPU
	EndGlobalSection
	GlobalSection(ProjectConfigurationPlatforms) = postSolution
		{7CA9B2D4-1CEA-42A1-ABBE-BB1716417B42}.Debug|Any CPU.ActiveCfg = Debug|Any CPU
		{7CA9B2D4-1CEA-42A1-ABBE-BB1716417B42}.Debug|Any CPU.Build.0 = Debug|Any CPU
		{7CA9B2D4-1CEA-42A1-ABBE-BB1716417B42}.Release|Any CPU.ActiveCfg = Release|Any CPU
		{7CA9B2D4-1CEA-42A1-ABBE-BB1716417B42}.Release|Any CPU.Build.0 = Release|Any CPU
	EndGlobalSection
	GlobalSection(SolutionProperties) = preSolution
		HideSolutionNode = FALSE
	EndGlobalSection
	GlobalSection(ExtensibilityGlobals) = postSolution
		SolutionGuid = {4FF6EA06-C923-4674-A0DC-86F353E80A88}
	EndGlobalSection
EndGlobal
