
Microsoft Visual Studio Solution File, Format Version 12.00
# Visual Studio Version 17
VisualStudioVersion = 17.14.36811.4 d17.14
MinimumVisualStudioVersion = 10.0.40219.1
Project("{FAE04EC0-301F-11D3-BF4B-00C04F79EFBC}") = "CountCharFrequency", "CountCharFrequency.csproj", "{EC800F97-DFAD-4352-83E5-915A20B75564}"
EndProject
Global
	GlobalSection(SolutionConfigurationPlatforms) = preSolution
		Debug|Any CPU = Debug|Any CPU
		Release|Any CPU = Release|Any CPU
	EndGlobalSection
	GlobalSection(ProjectConfigurationPlatforms) = postSolution
		{EC800F97-DFAD-4352-83E5-915A20B75564}.Debug|Any CPU.ActiveCfg = Debug|Any CPU
		{EC800F97-DFAD-4352-83E5-915A20B75564}.Debug|Any CPU.Build.0 = Debug|Any CPU
		{EC800F97-DFAD-4352-83E5-915A20B75564}.Release|Any CPU.ActiveCfg = Release|Any CPU
		{EC800F97-DFAD-4352-83E5-915A20B75564}.Release|Any CPU.Build.0 = Release|Any CPU
	EndGlobalSection
	GlobalSection(SolutionProperties) = preSolution
		HideSolutionNode = FALSE
	EndGlobalSection
	GlobalSection(ExtensibilityGlobals) = postSolution
		SolutionGuid = {D51B309C-9F2F-4D69-AEBE-90A3DC3E7D53}
	EndGlobalSection
EndGlobal
