
Microsoft Visual Studio Solution File, Format Version 12.00
# Visual Studio Version 17
VisualStudioVersion = 17.14.36811.4 d17.14
MinimumVisualStudioVersion = 10.0.40219.1
Project("{FAE04EC0-301F-11D3-BF4B-00C04F79EFBC}") = "PalindromeCheck", "PalindromeCheck.csproj", "{02227254-C53A-44F8-B140-4202C99B799F}"
EndProject
Global
	GlobalSection(SolutionConfigurationPlatforms) = preSolution
		Debug|Any CPU = Debug|Any CPU
		Release|Any CPU = Release|Any CPU
	EndGlobalSection
	GlobalSection(ProjectConfigurationPlatforms) = postSolution
		{02227254-C53A-44F8-B140-4202C99B799F}.Debug|Any CPU.ActiveCfg = Debug|Any CPU
		{02227254-C53A-44F8-B140-4202C99B799F}.Debug|Any CPU.Build.0 = Debug|Any CPU
		{02227254-C53A-44F8-B140-4202C99B799F}.Release|Any CPU.ActiveCfg = Release|Any CPU
		{02227254-C53A-44F8-B140-4202C99B799F}.Release|Any CPU.Build.0 = Release|Any CPU
	EndGlobalSection
	GlobalSection(SolutionProperties) = preSolution
		HideSolutionNode = FALSE
	EndGlobalSection
	GlobalSection(ExtensibilityGlobals) = postSolution
		SolutionGuid = {74B2A3A8-6988-4146-9699-8CCE55CBFDAF}
	EndGlobalSection
EndGlobal
