
Microsoft Visual Studio Solution File, Format Version 12.00
# Visual Studio Version 17
VisualStudioVersion = 17.14.36811.4 d17.14
MinimumVisualStudioVersion = 10.0.40219.1
Project("{FAE04EC0-301F-11D3-BF4B-00C04F79EFBC}") = "CalculatorApp", "CalculatorApp.csproj", "{F8F9D60B-1D25-4E77-BB91-57DED42D48D5}"
EndProject
Project("{FAE04EC0-301F-11D3-BF4B-00C04F79EFBC}") = "CalculatorApp.Tests", "..\CalculatorApp.Tests\CalculatorApp.Tests.csproj", "{6CED45BC-F0BF-429E-8D5C-C9A693719DDA}"
EndProject
Global
	GlobalSection(SolutionConfigurationPlatforms) = preSolution
		Debug|Any CPU = Debug|Any CPU
		Release|Any CPU = Release|Any CPU
	EndGlobalSection
	GlobalSection(ProjectConfigurationPlatforms) = postSolution
		{F8F9D60B-1D25-4E77-BB91-57DED42D48D5}.Debug|Any CPU.ActiveCfg = Debug|Any CPU
		{F8F9D60B-1D25-4E77-BB91-57DED42D48D5}.Debug|Any CPU.Build.0 = Debug|Any CPU
		{F8F9D60B-1D25-4E77-BB91-57DED42D48D5}.Release|Any CPU.ActiveCfg = Release|Any CPU
		{F8F9D60B-1D25-4E77-BB91-57DED42D48D5}.Release|Any CPU.Build.0 = Release|Any CPU
		{6CED45BC-F0BF-429E-8D5C-C9A693719DDA}.Debug|Any CPU.ActiveCfg = Debug|Any CPU
		{6CED45BC-F0BF-429E-8D5C-C9A693719DDA}.Debug|Any CPU.Build.0 = Debug|Any CPU
		{6CED45BC-F0BF-429E-8D5C-C9A693719DDA}.Release|Any CPU.ActiveCfg = Release|Any CPU
		{6CED45BC-F0BF-429E-8D5C-C9A693719DDA}.Release|Any CPU.Build.0 = Release|Any CPU
	EndGlobalSection
	GlobalSection(SolutionProperties) = preSolution
		HideSolutionNode = FALSE
	EndGlobalSection
	GlobalSection(ExtensibilityGlobals) = postSolution
		SolutionGuid = {F8408128-3747-4116-8E0B-E1356199C3B4}
	EndGlobalSection
EndGlobal
