
Microsoft Visual Studio Solution File, Format Version 12.00
# Visual Studio Version 17
VisualStudioVersion = 17.14.36811.4
MinimumVisualStudioVersion = 10.0.40219.1
Project("{FAE04EC0-301F-11D3-BF4B-00C04F79EFBC}") = "Q9_HandsOn", "Q9_HandsOn.csproj", "{29F93502-DA81-4C40-97FE-E704F433AE21}"
EndProject
Global
	GlobalSection(SolutionConfigurationPlatforms) = preSolution
		Debug|Any CPU = Debug|Any CPU
		Release|Any CPU = Release|Any CPU
	EndGlobalSection
	GlobalSection(ProjectConfigurationPlatforms) = postSolution
		{29F93502-DA81-4C40-97FE-E704F433AE21}.Debug|Any CPU.ActiveCfg = Debug|Any CPU
		{29F93502-DA81-4C40-97FE-E704F433AE21}.Debug|Any CPU.Build.0 = Debug|Any CPU
		{29F93502-DA81-4C40-97FE-E704F433AE21}.Release|Any CPU.ActiveCfg = Release|Any CPU
		{29F93502-DA81-4C40-97FE-E704F433AE21}.Release|Any CPU.Build.0 = Release|Any CPU
	EndGlobalSection
	GlobalSection(SolutionProperties) = preSolution
		HideSolutionNode = FALSE
	EndGlobalSection
	GlobalSection(ExtensibilityGlobals) = postSolution
		SolutionGuid = {6793A524-78A1-41D2-87E0-CE3CBA27374C}
	EndGlobalSection
EndGlobal
