
Microsoft Visual Studio Solution File, Format Version 12.00
# Visual Studio Version 17
VisualStudioVersion = 17.14.36811.4 d17.14
MinimumVisualStudioVersion = 10.0.40219.1
Project("{FAE04EC0-301F-11D3-BF4B-00C04F79EFBC}") = "SortAndAddElementArr", "SortAndAddElementArr.csproj", "{A345C989-FE73-42EA-8696-2DDB21A706F2}"
EndProject
Global
	GlobalSection(SolutionConfigurationPlatforms) = preSolution
		Debug|Any CPU = Debug|Any CPU
		Release|Any CPU = Release|Any CPU
	EndGlobalSection
	GlobalSection(ProjectConfigurationPlatforms) = postSolution
		{A345C989-FE73-42EA-8696-2DDB21A706F2}.Debug|Any CPU.ActiveCfg = Debug|Any CPU
		{A345C989-FE73-42EA-8696-2DDB21A706F2}.Debug|Any CPU.Build.0 = Debug|Any CPU
		{A345C989-FE73-42EA-8696-2DDB21A706F2}.Release|Any CPU.ActiveCfg = Release|Any CPU
		{A345C989-FE73-42EA-8696-2DDB21A706F2}.Release|Any CPU.Build.0 = Release|Any CPU
	EndGlobalSection
	GlobalSection(SolutionProperties) = preSolution
		HideSolutionNode = FALSE
	EndGlobalSection
	GlobalSection(ExtensibilityGlobals) = postSolution
		SolutionGuid = {1501B6F4-FCB5-4551-964E-71BDBE2B1E66}
	EndGlobalSection
EndGlobal
