
Microsoft Visual Studio Solution File, Format Version 12.00
# Visual Studio Version 17
VisualStudioVersion = 17.14.36811.4 d17.14
MinimumVisualStudioVersion = 10.0.40219.1
Project("{FAE04EC0-301F-11D3-BF4B-00C04F79EFBC}") = "PalindromeScore", "PalindromeScore.csproj", "{087E5201-7465-4B6F-8203-AD1C9F2969DF}"
EndProject
Global
	GlobalSection(SolutionConfigurationPlatforms) = preSolution
		Debug|Any CPU = Debug|Any CPU
		Release|Any CPU = Release|Any CPU
	EndGlobalSection
	GlobalSection(ProjectConfigurationPlatforms) = postSolution
		{087E5201-7465-4B6F-8203-AD1C9F2969DF}.Debug|Any CPU.ActiveCfg = Debug|Any CPU
		{087E5201-7465-4B6F-8203-AD1C9F2969DF}.Debug|Any CPU.Build.0 = Debug|Any CPU
		{087E5201-7465-4B6F-8203-AD1C9F2969DF}.Release|Any CPU.ActiveCfg = Release|Any CPU
		{087E5201-7465-4B6F-8203-AD1C9F2969DF}.Release|Any CPU.Build.0 = Release|Any CPU
	EndGlobalSection
	GlobalSection(SolutionProperties) = preSolution
		HideSolutionNode = FALSE
	EndGlobalSection
	GlobalSection(ExtensibilityGlobals) = postSolution
		SolutionGuid = {8FDCCF1D-2DC5-48E3-9660-14BCEF870FA1}
	EndGlobalSection
EndGlobal
