
Microsoft Visual Studio Solution File, Format Version 12.00
# Visual Studio Version 17
VisualStudioVersion = 17.14.36811.4 d17.14
MinimumVisualStudioVersion = 10.0.40219.1
Project("{FAE04EC0-301F-11D3-BF4B-00C04F79EFBC}") = "CountWordsInAString", "CountWordsInAString.csproj", "{C2115FA6-CDD4-4899-BE68-F9DAE5D85EFA}"
EndProject
Global
	GlobalSection(SolutionConfigurationPlatforms) = preSolution
		Debug|Any CPU = Debug|Any CPU
		Release|Any CPU = Release|Any CPU
	EndGlobalSection
	GlobalSection(ProjectConfigurationPlatforms) = postSolution
		{C2115FA6-CDD4-4899-BE68-F9DAE5D85EFA}.Debug|Any CPU.ActiveCfg = Debug|Any CPU
		{C2115FA6-CDD4-4899-BE68-F9DAE5D85EFA}.Debug|Any CPU.Build.0 = Debug|Any CPU
		{C2115FA6-CDD4-4899-BE68-F9DAE5D85EFA}.Release|Any CPU.ActiveCfg = Release|Any CPU
		{C2115FA6-CDD4-4899-BE68-F9DAE5D85EFA}.Release|Any CPU.Build.0 = Release|Any CPU
	EndGlobalSection
	GlobalSection(SolutionProperties) = preSolution
		HideSolutionNode = FALSE
	EndGlobalSection
	GlobalSection(ExtensibilityGlobals) = postSolution
		SolutionGuid = {1E3A5CAA-0EB3-4228-B0BF-BBE7A0776F4D}
	EndGlobalSection
EndGlobal
