
Microsoft Visual Studio Solution File, Format Version 12.00
# Visual Studio Version 17
VisualStudioVersion = 17.14.36811.4 d17.14
MinimumVisualStudioVersion = 10.0.40219.1
Project("{FAE04EC0-301F-11D3-BF4B-00C04F79EFBC}") = "LibraryManagementMVC", "LibraryManagementMVC.csproj", "{BD10A65E-7835-4FD6-92A9-9F626863A4DD}"
EndProject
Global
	GlobalSection(SolutionConfigurationPlatforms) = preSolution
		Debug|Any CPU = Debug|Any CPU
		Release|Any CPU = Release|Any CPU
	EndGlobalSection
	GlobalSection(ProjectConfigurationPlatforms) = postSolution
		{BD10A65E-7835-4FD6-92A9-9F626863A4DD}.Debug|Any CPU.ActiveCfg = Debug|Any CPU
		{BD10A65E-7835-4FD6-92A9-9F626863A4DD}.Debug|Any CPU.Build.0 = Debug|Any CPU
		{BD10A65E-7835-4FD6-92A9-9F626863A4DD}.Release|Any CPU.ActiveCfg = Release|Any CPU
		{BD10A65E-7835-4FD6-92A9-9F626863A4DD}.Release|Any CPU.Build.0 = Release|Any CPU
	EndGlobalSection
	GlobalSection(SolutionProperties) = preSolution
		HideSolutionNode = FALSE
	EndGlobalSection
	GlobalSection(ExtensibilityGlobals) = postSolution
		SolutionGuid = {624E51EC-B14D-463B-A4FB-B5BDC2177C15}
	EndGlobalSection
EndGlobal
