
Microsoft Visual Studio Solution File, Format Version 12.00
# Visual Studio Version 17
VisualStudioVersion = 17.14.36811.4 d17.14
MinimumVisualStudioVersion = 10.0.40219.1
Project("{FAE04EC0-301F-11D3-BF4B-00C04F79EFBC}") = "FindDay", "FindDay.csproj", "{8FB3F0BE-233A-473C-B72A-B9BCC01C6027}"
EndProject
Global
	GlobalSection(SolutionConfigurationPlatforms) = preSolution
		Debug|Any CPU = Debug|Any CPU
		Release|Any CPU = Release|Any CPU
	EndGlobalSection
	GlobalSection(ProjectConfigurationPlatforms) = postSolution
		{8FB3F0BE-233A-473C-B72A-B9BCC01C6027}.Debug|Any CPU.ActiveCfg = Debug|Any CPU
		{8FB3F0BE-233A-473C-B72A-B9BCC01C6027}.Debug|Any CPU.Build.0 = Debug|Any CPU
		{8FB3F0BE-233A-473C-B72A-B9BCC01C6027}.Release|Any CPU.ActiveCfg = Release|Any CPU
		{8FB3F0BE-233A-473C-B72A-B9BCC01C6027}.Release|Any CPU.Build.0 = Release|Any CPU
	EndGlobalSection
	GlobalSection(SolutionProperties) = preSolution
		HideSolutionNode = FALSE
	EndGlobalSection
	GlobalSection(ExtensibilityGlobals) = postSolution
		SolutionGuid = {0B54194E-9B2B-4393-AB59-0E983D1D4473}
	EndGlobalSection
EndGlobal
