
Microsoft Visual Studio Solution File, Format Version 12.00
# Visual Studio Version 17
VisualStudioVersion = 17.14.36811.4 d17.14
MinimumVisualStudioVersion = 10.0.40219.1
Project("{FAE04EC0-301F-11D3-BF4B-00C04F79EFBC}") = "PerfectShuffle", "PerfectShuffle.csproj", "{7C861950-1112-4F17-BFF7-B81D1AF2692A}"
EndProject
Global
	GlobalSection(SolutionConfigurationPlatforms) = preSolution
		Debug|Any CPU = Debug|Any CPU
		Release|Any CPU = Release|Any CPU
	EndGlobalSection
	GlobalSection(ProjectConfigurationPlatforms) = postSolution
		{7C861950-1112-4F17-BFF7-B81D1AF2692A}.Debug|Any CPU.ActiveCfg = Debug|Any CPU
		{7C861950-1112-4F17-BFF7-B81D1AF2692A}.Debug|Any CPU.Build.0 = Debug|Any CPU
		{7C861950-1112-4F17-BFF7-B81D1AF2692A}.Release|Any CPU.ActiveCfg = Release|Any CPU
		{7C861950-1112-4F17-BFF7-B81D1AF2692A}.Release|Any CPU.Build.0 = Release|Any CPU
	EndGlobalSection
	GlobalSection(SolutionProperties) = preSolution
		HideSolutionNode = FALSE
	EndGlobalSection
	GlobalSection(ExtensibilityGlobals) = postSolution
		SolutionGuid = {AF246850-DE46-481F-AAB4-80810E270F1C}
	EndGlobalSection
EndGlobal
