
Microsoft Visual Studio Solution File, Format Version 12.00
# Visual Studio Version 17
VisualStudioVersion = 17.14.36811.4 d17.14
MinimumVisualStudioVersion = 10.0.40219.1
Project("{FAE04EC0-301F-11D3-BF4B-00C04F79EFBC}") = "PipeSeperatedWords", "PipeSeperatedWords.csproj", "{AD78AE1C-297C-4EF5-911C-E414C89678A7}"
EndProject
Global
	GlobalSection(SolutionConfigurationPlatforms) = preSolution
		Debug|Any CPU = Debug|Any CPU
		Release|Any CPU = Release|Any CPU
	EndGlobalSection
	GlobalSection(ProjectConfigurationPlatforms) = postSolution
		{AD78AE1C-297C-4EF5-911C-E414C89678A7}.Debug|Any CPU.ActiveCfg = Debug|Any CPU
		{AD78AE1C-297C-4EF5-911C-E414C89678A7}.Debug|Any CPU.Build.0 = Debug|Any CPU
		{AD78AE1C-297C-4EF5-911C-E414C89678A7}.Release|Any CPU.ActiveCfg = Release|Any CPU
		{AD78AE1C-297C-4EF5-911C-E414C89678A7}.Release|Any CPU.Build.0 = Release|Any CPU
	EndGlobalSection
	GlobalSection(SolutionProperties) = preSolution
		HideSolutionNode = FALSE
	EndGlobalSection
	GlobalSection(ExtensibilityGlobals) = postSolution
		SolutionGuid = {178D827F-0068-433C-9B1C-3E2C46F2FEB8}
	EndGlobalSection
EndGlobal
