
Microsoft Visual Studio Solution File, Format Version 12.00
# Visual Studio Version 17
VisualStudioVersion = 17.14.36811.4 d17.14
MinimumVisualStudioVersion = 10.0.40219.1
Project("{FAE04EC0-301F-11D3-BF4B-00C04F79EFBC}") = "Speed Validation Custom Exception", "Speed Validation Custom Exception.csproj", "{937EB58E-D94B-45B7-A683-F0943904821A}"
EndProject
Global
	GlobalSection(SolutionConfigurationPlatforms) = preSolution
		Debug|Any CPU = Debug|Any CPU
		Release|Any CPU = Release|Any CPU
	EndGlobalSection
	GlobalSection(ProjectConfigurationPlatforms) = postSolution
		{937EB58E-D94B-45B7-A683-F0943904821A}.Debug|Any CPU.ActiveCfg = Debug|Any CPU
		{937EB58E-D94B-45B7-A683-F0943904821A}.Debug|Any CPU.Build.0 = Debug|Any CPU
		{937EB58E-D94B-45B7-A683-F0943904821A}.Release|Any CPU.ActiveCfg = Release|Any CPU
		{937EB58E-D94B-45B7-A683-F0943904821A}.Release|Any CPU.Build.0 = Release|Any CPU
	EndGlobalSection
	GlobalSection(SolutionProperties) = preSolution
		HideSolutionNode = FALSE
	EndGlobalSection
	GlobalSection(ExtensibilityGlobals) = postSolution
		SolutionGuid = {B26459F4-E9BE-4A02-A69B-0A94A6493C1B}
	EndGlobalSection
EndGlobal
