
Microsoft Visual Studio Solution File, Format Version 12.00
# Visual Studio Version 17
VisualStudioVersion = 17.14.36811.4 d17.14
MinimumVisualStudioVersion = 10.0.40219.1
Project("{FAE04EC0-301F-11D3-BF4B-00C04F79EFBC}") = "Q1_HandsOn", "Q1_HandsOn.csproj", "{82DC9084-91EF-4BD0-BEC7-067ED6D7F9A3}"
EndProject
Global
	GlobalSection(SolutionConfigurationPlatforms) = preSolution
		Debug|Any CPU = Debug|Any CPU
		Release|Any CPU = Release|Any CPU
	EndGlobalSection
	GlobalSection(ProjectConfigurationPlatforms) = postSolution
		{82DC9084-91EF-4BD0-BEC7-067ED6D7F9A3}.Debug|Any CPU.ActiveCfg = Debug|Any CPU
		{82DC9084-91EF-4BD0-BEC7-067ED6D7F9A3}.Debug|Any CPU.Build.0 = Debug|Any CPU
		{82DC9084-91EF-4BD0-BEC7-067ED6D7F9A3}.Release|Any CPU.ActiveCfg = Release|Any CPU
		{82DC9084-91EF-4BD0-BEC7-067ED6D7F9A3}.Release|Any CPU.Build.0 = Release|Any CPU
	EndGlobalSection
	GlobalSection(SolutionProperties) = preSolution
		HideSolutionNode = FALSE
	EndGlobalSection
	GlobalSection(ExtensibilityGlobals) = postSolution
		SolutionGuid = {AF6D7D67-9535-46F4-942E-2E9A11961665}
	EndGlobalSection
EndGlobal
