
Microsoft Visual Studio Solution File, Format Version 12.00
# Visual Studio Version 17
VisualStudioVersion = 17.14.36811.4 d17.14
MinimumVisualStudioVersion = 10.0.40219.1
Project("{FAE04EC0-301F-11D3-BF4B-00C04F79EFBC}") = "VoteEligibility", "VoteEligibility.csproj", "{35A9D926-CAAE-4309-BF31-90F35875C7B8}"
EndProject
Global
	GlobalSection(SolutionConfigurationPlatforms) = preSolution
		Debug|Any CPU = Debug|Any CPU
		Release|Any CPU = Release|Any CPU
	EndGlobalSection
	GlobalSection(ProjectConfigurationPlatforms) = postSolution
		{35A9D926-CAAE-4309-BF31-90F35875C7B8}.Debug|Any CPU.ActiveCfg = Debug|Any CPU
		{35A9D926-CAAE-4309-BF31-90F35875C7B8}.Debug|Any CPU.Build.0 = Debug|Any CPU
		{35A9D926-CAAE-4309-BF31-90F35875C7B8}.Release|Any CPU.ActiveCfg = Release|Any CPU
		{35A9D926-CAAE-4309-BF31-90F35875C7B8}.Release|Any CPU.Build.0 = Release|Any CPU
	EndGlobalSection
	GlobalSection(SolutionProperties) = preSolution
		HideSolutionNode = FALSE
	EndGlobalSection
	GlobalSection(ExtensibilityGlobals) = postSolution
		SolutionGuid = {AAE1D981-A2DA-4D65-9739-646DBC17442C}
	EndGlobalSection
EndGlobal
