
Microsoft Visual Studio Solution File, Format Version 12.00
# Visual Studio Version 17
VisualStudioVersion = 17.14.36811.4 d17.14
MinimumVisualStudioVersion = 10.0.40219.1
Project("{FAE04EC0-301F-11D3-BF4B-00C04F79EFBC}") = "Q4_HandsOn", "Q4_HandsOn.csproj", "{37ED3277-6276-4653-BEB0-DB78A8C74F4B}"
EndProject
Global
	GlobalSection(SolutionConfigurationPlatforms) = preSolution
		Debug|Any CPU = Debug|Any CPU
		Release|Any CPU = Release|Any CPU
	EndGlobalSection
	GlobalSection(ProjectConfigurationPlatforms) = postSolution
		{37ED3277-6276-4653-BEB0-DB78A8C74F4B}.Debug|Any CPU.ActiveCfg = Debug|Any CPU
		{37ED3277-6276-4653-BEB0-DB78A8C74F4B}.Debug|Any CPU.Build.0 = Debug|Any CPU
		{37ED3277-6276-4653-BEB0-DB78A8C74F4B}.Release|Any CPU.ActiveCfg = Release|Any CPU
		{37ED3277-6276-4653-BEB0-DB78A8C74F4B}.Release|Any CPU.Build.0 = Release|Any CPU
	EndGlobalSection
	GlobalSection(SolutionProperties) = preSolution
		HideSolutionNode = FALSE
	EndGlobalSection
	GlobalSection(ExtensibilityGlobals) = postSolution
		SolutionGuid = {4F1E15E3-FE91-4B58-9BE0-3C74FEE1E7E5}
	EndGlobalSection
EndGlobal
