
Microsoft Visual Studio Solution File, Format Version 12.00
# Visual Studio Version 17
VisualStudioVersion = 17.14.36811.4 d17.14
MinimumVisualStudioVersion = 10.0.40219.1
Project("{FAE04EC0-301F-11D3-BF4B-00C04F79EFBC}") = "LuckyString", "LuckyString.csproj", "{2ECB1CD7-C922-45C4-AA28-4B0EBD23ABF6}"
EndProject
Global
	GlobalSection(SolutionConfigurationPlatforms) = preSolution
		Debug|Any CPU = Debug|Any CPU
		Release|Any CPU = Release|Any CPU
	EndGlobalSection
	GlobalSection(ProjectConfigurationPlatforms) = postSolution
		{2ECB1CD7-C922-45C4-AA28-4B0EBD23ABF6}.Debug|Any CPU.ActiveCfg = Debug|Any CPU
		{2ECB1CD7-C922-45C4-AA28-4B0EBD23ABF6}.Debug|Any CPU.Build.0 = Debug|Any CPU
		{2ECB1CD7-C922-45C4-AA28-4B0EBD23ABF6}.Release|Any CPU.ActiveCfg = Release|Any CPU
		{2ECB1CD7-C922-45C4-AA28-4B0EBD23ABF6}.Release|Any CPU.Build.0 = Release|Any CPU
	EndGlobalSection
	GlobalSection(SolutionProperties) = preSolution
		HideSolutionNode = FALSE
	EndGlobalSection
	GlobalSection(ExtensibilityGlobals) = postSolution
		SolutionGuid = {ECF20548-8CC2-44A2-9548-D2B90F8409C8}
	EndGlobalSection
EndGlobal
