
Microsoft Visual Studio Solution File, Format Version 12.00
# Visual Studio Version 17
VisualStudioVersion = 17.14.36811.4 d17.14
MinimumVisualStudioVersion = 10.0.40219.1
Project("{FAE04EC0-301F-11D3-BF4B-00C04F79EFBC}") = "ValidParenthesis", "ValidParenthesis.csproj", "{0911840D-DFFB-4301-9128-6E81899C16A1}"
EndProject
Global
	GlobalSection(SolutionConfigurationPlatforms) = preSolution
		Debug|Any CPU = Debug|Any CPU
		Release|Any CPU = Release|Any CPU
	EndGlobalSection
	GlobalSection(ProjectConfigurationPlatforms) = postSolution
		{0911840D-DFFB-4301-9128-6E81899C16A1}.Debug|Any CPU.ActiveCfg = Debug|Any CPU
		{0911840D-DFFB-4301-9128-6E81899C16A1}.Debug|Any CPU.Build.0 = Debug|Any CPU
		{0911840D-DFFB-4301-9128-6E81899C16A1}.Release|Any CPU.ActiveCfg = Release|Any CPU
		{0911840D-DFFB-4301-9128-6E81899C16A1}.Release|Any CPU.Build.0 = Release|Any CPU
	EndGlobalSection
	GlobalSection(SolutionProperties) = preSolution
		HideSolutionNode = FALSE
	EndGlobalSection
	GlobalSection(ExtensibilityGlobals) = postSolution
		SolutionGuid = {2DB040A1-5432-48F7-B4EA-DC73B80273B3}
	EndGlobalSection
EndGlobal
