
Microsoft Visual Studio Solution File, Format Version 12.00
# Visual Studio Version 17
VisualStudioVersion = 17.14.36811.4 d17.14
MinimumVisualStudioVersion = 10.0.40219.1
Project("{FAE04EC0-301F-11D3-BF4B-00C04F79EFBC}") = "PartialSortArr", "PartialSortArr.csproj", "{F0117180-9999-4B85-B918-FE8787A9A825}"
EndProject
Global
	GlobalSection(SolutionConfigurationPlatforms) = preSolution
		Debug|Any CPU = Debug|Any CPU
		Release|Any CPU = Release|Any CPU
	EndGlobalSection
	GlobalSection(ProjectConfigurationPlatforms) = postSolution
		{F0117180-9999-4B85-B918-FE8787A9A825}.Debug|Any CPU.ActiveCfg = Debug|Any CPU
		{F0117180-9999-4B85-B918-FE8787A9A825}.Debug|Any CPU.Build.0 = Debug|Any CPU
		{F0117180-9999-4B85-B918-FE8787A9A825}.Release|Any CPU.ActiveCfg = Release|Any CPU
		{F0117180-9999-4B85-B918-FE8787A9A825}.Release|Any CPU.Build.0 = Release|Any CPU
	EndGlobalSection
	GlobalSection(SolutionProperties) = preSolution
		HideSolutionNode = FALSE
	EndGlobalSection
	GlobalSection(ExtensibilityGlobals) = postSolution
		SolutionGuid = {71669F2C-9216-49EB-9233-FA0D4511483B}
	EndGlobalSection
EndGlobal
