
Microsoft Visual Studio Solution File, Format Version 12.00
# Visual Studio Version 17
VisualStudioVersion = 17.14.36811.4 d17.14
MinimumVisualStudioVersion = 10.0.40219.1
Project("{FAE04EC0-301F-11D3-BF4B-00C04F79EFBC}") = "GrossSalaryCalculation", "GrossSalaryCalculation.csproj", "{F39C50B9-65D4-490D-B59B-DE9682064577}"
EndProject
Global
	GlobalSection(SolutionConfigurationPlatforms) = preSolution
		Debug|Any CPU = Debug|Any CPU
		Release|Any CPU = Release|Any CPU
	EndGlobalSection
	GlobalSection(ProjectConfigurationPlatforms) = postSolution
		{F39C50B9-65D4-490D-B59B-DE9682064577}.Debug|Any CPU.ActiveCfg = Debug|Any CPU
		{F39C50B9-65D4-490D-B59B-DE9682064577}.Debug|Any CPU.Build.0 = Debug|Any CPU
		{F39C50B9-65D4-490D-B59B-DE9682064577}.Release|Any CPU.ActiveCfg = Release|Any CPU
		{F39C50B9-65D4-490D-B59B-DE9682064577}.Release|Any CPU.Build.0 = Release|Any CPU
	EndGlobalSection
	GlobalSection(SolutionProperties) = preSolution
		HideSolutionNode = FALSE
	EndGlobalSection
	GlobalSection(ExtensibilityGlobals) = postSolution
		SolutionGuid = {012459E4-79A5-4BAD-814B-1E9449F492B9}
	EndGlobalSection
EndGlobal
